
Microsoft Visual Studio Solution File, Format Version 12.00
# Visual Studio Version 17
VisualStudioVersion = 17.7.34221.43
MinimumVisualStudioVersion = 10.0.40219.1
Project("{9A19103F-16F7-4668-BE54-9A1E7A4F7556}") = "estudo-final", "..\estudo-final\estudo-final.csproj", "{18C05FE6-FA4C-43B1-ACAE-EDBF0DB9D485}"
EndProject
Global
	GlobalSection(SolutionConfigurationPlatforms) = preSolution
		Debug|Any CPU = Debug|Any CPU
		Release|Any CPU = Release|Any CPU
	EndGlobalSection
	GlobalSection(ProjectConfigurationPlatforms) = postSolution
		{18C05FE6-FA4C-43B1-ACAE-EDBF0DB9D485}.Debug|Any CPU.ActiveCfg = Debug|Any CPU
		{18C05FE6-FA4C-43B1-ACAE-EDBF0DB9D485}.Debug|Any CPU.Build.0 = Debug|Any CPU
		{18C05FE6-FA4C-43B1-ACAE-EDBF0DB9D485}.Release|Any CPU.ActiveCfg = Release|Any CPU
		{18C05FE6-FA4C-43B1-ACAE-EDBF0DB9D485}.Release|Any CPU.Build.0 = Release|Any CPU
	EndGlobalSection
	GlobalSection(SolutionProperties) = preSolution
		HideSolutionNode = FALSE
	EndGlobalSection
	GlobalSection(ExtensibilityGlobals) = postSolution
		SolutionGuid = {716CD31E-47B6-4696-8BE3-02C89D8D0904}
	EndGlobalSection
EndGlobal
